
Microsoft Visual Studio Solution File, Format Version 12.00
# Visual Studio 2012
Project("{8BC9CEB8-8B4A-11D0-8D11-00A0C91BC942}") = "lb13", "lb13\lb13.vcxproj", "{EF3D8224-C49F-4C82-8DEF-3E1447C09E45}"
EndProject
Global
	GlobalSection(SolutionConfigurationPlatforms) = preSolution
		Debug|Win32 = Debug|Win32
		Release|Win32 = Release|Win32
	EndGlobalSection
	GlobalSection(ProjectConfigurationPlatforms) = postSolution
		{EF3D8224-C49F-4C82-8DEF-3E1447C09E45}.Debug|Win32.ActiveCfg = Debug|Win32
		{EF3D8224-C49F-4C82-8DEF-3E1447C09E45}.Debug|Win32.Build.0 = Debug|Win32
		{EF3D8224-C49F-4C82-8DEF-3E1447C09E45}.Release|Win32.ActiveCfg = Release|Win32
		{EF3D8224-C49F-4C82-8DEF-3E1447C09E45}.Release|Win32.Build.0 = Release|Win32
	EndGlobalSection
	GlobalSection(SolutionProperties) = preSolution
		HideSolutionNode = FALSE
	EndGlobalSection
EndGlobal
